
Microsoft Visual Studio Solution File, Format Version 12.00
# Visual Studio Version 16
VisualStudioVersion = 16.0.29911.84
MinimumVisualStudioVersion = 10.0.40219.1
Project("{FAE04EC0-301F-11D3-BF4B-00C04F79EFBC}") = "Лаба 4", "Лаба 4\Лаба 4.csproj", "{0096F981-04AC-4B17-B076-742FA3304BC7}"
EndProject
Global
	GlobalSection(SolutionConfigurationPlatforms) = preSolution
		Debug|Any CPU = Debug|Any CPU
		Release|Any CPU = Release|Any CPU
	EndGlobalSection
	GlobalSection(ProjectConfigurationPlatforms) = postSolution
		{0096F981-04AC-4B17-B076-742FA3304BC7}.Debug|Any CPU.ActiveCfg = Debug|Any CPU
		{0096F981-04AC-4B17-B076-742FA3304BC7}.Debug|Any CPU.Build.0 = Debug|Any CPU
		{0096F981-04AC-4B17-B076-742FA3304BC7}.Release|Any CPU.ActiveCfg = Release|Any CPU
		{0096F981-04AC-4B17-B076-742FA3304BC7}.Release|Any CPU.Build.0 = Release|Any CPU
	EndGlobalSection
	GlobalSection(SolutionProperties) = preSolution
		HideSolutionNode = FALSE
	EndGlobalSection
	GlobalSection(ExtensibilityGlobals) = postSolution
		SolutionGuid = {62B321EC-201A-4411-A6A7-7E2167735AA4}
	EndGlobalSection
EndGlobal
