
Microsoft Visual Studio Solution File, Format Version 12.00
# Visual Studio Version 16
VisualStudioVersion = 16.0.30611.23
MinimumVisualStudioVersion = 10.0.40219.1
Project("{FAE04EC0-301F-11D3-BF4B-00C04F79EFBC}") = "Lab16", "Lab16\Lab16.csproj", "{D0A5C046-ADD7-4300-A782-53F80C153EC4}"
EndProject
Global
	GlobalSection(SolutionConfigurationPlatforms) = preSolution
		Debug|Any CPU = Debug|Any CPU
		Release|Any CPU = Release|Any CPU
	EndGlobalSection
	GlobalSection(ProjectConfigurationPlatforms) = postSolution
		{D0A5C046-ADD7-4300-A782-53F80C153EC4}.Debug|Any CPU.ActiveCfg = Debug|Any CPU
		{D0A5C046-ADD7-4300-A782-53F80C153EC4}.Debug|Any CPU.Build.0 = Debug|Any CPU
		{D0A5C046-ADD7-4300-A782-53F80C153EC4}.Release|Any CPU.ActiveCfg = Release|Any CPU
		{D0A5C046-ADD7-4300-A782-53F80C153EC4}.Release|Any CPU.Build.0 = Release|Any CPU
	EndGlobalSection
	GlobalSection(SolutionProperties) = preSolution
		HideSolutionNode = FALSE
	EndGlobalSection
	GlobalSection(ExtensibilityGlobals) = postSolution
		SolutionGuid = {DE55BE98-8B22-4B32-8E50-2E7F72A01F06}
	EndGlobalSection
EndGlobal
