
Microsoft Visual Studio Solution File, Format Version 12.00
# Visual Studio Version 16
VisualStudioVersion = 16.0.29911.84
MinimumVisualStudioVersion = 10.0.40219.1
Project("{FAE04EC0-301F-11D3-BF4B-00C04F79EFBC}") = "Лаба 5", "Лаба 5\Лаба 5.csproj", "{A47CA52E-1FE7-4A9A-9C13-A99215045E7D}"
EndProject
Global
	GlobalSection(SolutionConfigurationPlatforms) = preSolution
		Debug|Any CPU = Debug|Any CPU
		Release|Any CPU = Release|Any CPU
	EndGlobalSection
	GlobalSection(ProjectConfigurationPlatforms) = postSolution
		{A47CA52E-1FE7-4A9A-9C13-A99215045E7D}.Debug|Any CPU.ActiveCfg = Debug|Any CPU
		{A47CA52E-1FE7-4A9A-9C13-A99215045E7D}.Debug|Any CPU.Build.0 = Debug|Any CPU
		{A47CA52E-1FE7-4A9A-9C13-A99215045E7D}.Release|Any CPU.ActiveCfg = Release|Any CPU
		{A47CA52E-1FE7-4A9A-9C13-A99215045E7D}.Release|Any CPU.Build.0 = Release|Any CPU
	EndGlobalSection
	GlobalSection(SolutionProperties) = preSolution
		HideSolutionNode = FALSE
	EndGlobalSection
	GlobalSection(ExtensibilityGlobals) = postSolution
		SolutionGuid = {D1E805AB-CB3E-4B36-9790-EA49DF523D5D}
	EndGlobalSection
EndGlobal
