
Microsoft Visual Studio Solution File, Format Version 12.00
# Visual Studio Version 16
VisualStudioVersion = 16.0.30611.23
MinimumVisualStudioVersion = 10.0.40219.1
Project("{FAE04EC0-301F-11D3-BF4B-00C04F79EFBC}") = "Laba15", "Laba15\Laba15.csproj", "{D3149C32-C2E0-4DEF-AC33-AD690E2A4FA7}"
EndProject
Global
	GlobalSection(SolutionConfigurationPlatforms) = preSolution
		Debug|Any CPU = Debug|Any CPU
		Release|Any CPU = Release|Any CPU
	EndGlobalSection
	GlobalSection(ProjectConfigurationPlatforms) = postSolution
		{D3149C32-C2E0-4DEF-AC33-AD690E2A4FA7}.Debug|Any CPU.ActiveCfg = Debug|Any CPU
		{D3149C32-C2E0-4DEF-AC33-AD690E2A4FA7}.Debug|Any CPU.Build.0 = Debug|Any CPU
		{D3149C32-C2E0-4DEF-AC33-AD690E2A4FA7}.Release|Any CPU.ActiveCfg = Release|Any CPU
		{D3149C32-C2E0-4DEF-AC33-AD690E2A4FA7}.Release|Any CPU.Build.0 = Release|Any CPU
	EndGlobalSection
	GlobalSection(SolutionProperties) = preSolution
		HideSolutionNode = FALSE
	EndGlobalSection
	GlobalSection(ExtensibilityGlobals) = postSolution
		SolutionGuid = {24850870-D658-4BDD-BBD1-2DB347E92A62}
	EndGlobalSection
EndGlobal
